
Microsoft Visual Studio Solution File, Format Version 12.00
# Visual Studio Version 16
VisualStudioVersion = 16.0.31112.23
MinimumVisualStudioVersion = 10.0.40219.1
Project("{FAE04EC0-301F-11D3-BF4B-00C04F79EFBC}") = "FunctionalProgram", "FunctionalProgram\FunctionalProgram.csproj", "{B29D8C9F-70E5-4C95-934A-391BB35C4E08}"
EndProject
Global
	GlobalSection(SolutionConfigurationPlatforms) = preSolution
		Debug|Any CPU = Debug|Any CPU
		Release|Any CPU = Release|Any CPU
	EndGlobalSection
	GlobalSection(ProjectConfigurationPlatforms) = postSolution
		{B29D8C9F-70E5-4C95-934A-391BB35C4E08}.Debug|Any CPU.ActiveCfg = Debug|Any CPU
		{B29D8C9F-70E5-4C95-934A-391BB35C4E08}.Debug|Any CPU.Build.0 = Debug|Any CPU
		{B29D8C9F-70E5-4C95-934A-391BB35C4E08}.Release|Any CPU.ActiveCfg = Release|Any CPU
		{B29D8C9F-70E5-4C95-934A-391BB35C4E08}.Release|Any CPU.Build.0 = Release|Any CPU
	EndGlobalSection
	GlobalSection(SolutionProperties) = preSolution
		HideSolutionNode = FALSE
	EndGlobalSection
	GlobalSection(ExtensibilityGlobals) = postSolution
		SolutionGuid = {D2C22832-870C-49B8-BC99-84AD65B72500}
	EndGlobalSection
EndGlobal
